
Microsoft Visual Studio Solution File, Format Version 12.00
# Visual Studio Version 16
VisualStudioVersion = 16.0.30413.136
MinimumVisualStudioVersion = 10.0.40219.1
Project("{FAE04EC0-301F-11D3-BF4B-00C04F79EFBC}") = "Rozetka", "Rozetka.csproj", "{B46F5943-42C4-4737-AAE9-ECCC075B55FB}"
EndProject
Global
	GlobalSection(SolutionConfigurationPlatforms) = preSolution
		Debug|Any CPU = Debug|Any CPU
		Release|Any CPU = Release|Any CPU
	EndGlobalSection
	GlobalSection(ProjectConfigurationPlatforms) = postSolution
		{B46F5943-42C4-4737-AAE9-ECCC075B55FB}.Debug|Any CPU.ActiveCfg = Debug|Any CPU
		{B46F5943-42C4-4737-AAE9-ECCC075B55FB}.Debug|Any CPU.Build.0 = Debug|Any CPU
		{B46F5943-42C4-4737-AAE9-ECCC075B55FB}.Release|Any CPU.ActiveCfg = Release|Any CPU
		{B46F5943-42C4-4737-AAE9-ECCC075B55FB}.Release|Any CPU.Build.0 = Release|Any CPU
	EndGlobalSection
	GlobalSection(SolutionProperties) = preSolution
		HideSolutionNode = FALSE
	EndGlobalSection
	GlobalSection(ExtensibilityGlobals) = postSolution
		SolutionGuid = {AB4BF5E5-CD19-4BF6-85F6-231E4EB94939}
	EndGlobalSection
EndGlobal
